Microsoft Visual Studio Solution File, Format Version 12.00
# Visual Studio Version 17
VisualStudioVersion = 17.5.2.0
MinimumVisualStudioVersion = 10.0.40219.1
Project("{FAE04EC0-301F-11D3-BF4B-00C04F79EFBC}") = "RPGBattleGame", "RPGBattleGame.csproj", "{EB1088F3-478D-E4D4-E03E-F3BD9AEE5386}"
EndProject
Global
	GlobalSection(SolutionConfigurationPlatforms) = preSolution
		Debug|Any CPU = Debug|Any CPU
		Release|Any CPU = Release|Any CPU
	EndGlobalSection
	GlobalSection(ProjectConfigurationPlatforms) = postSolution
		{EB1088F3-478D-E4D4-E03E-F3BD9AEE5386}.Debug|Any CPU.ActiveCfg = Debug|Any CPU
		{EB1088F3-478D-E4D4-E03E-F3BD9AEE5386}.Debug|Any CPU.Build.0 = Debug|Any CPU
		{EB1088F3-478D-E4D4-E03E-F3BD9AEE5386}.Release|Any CPU.ActiveCfg = Release|Any CPU
		{EB1088F3-478D-E4D4-E03E-F3BD9AEE5386}.Release|Any CPU.Build.0 = Release|Any CPU
	EndGlobalSection
	GlobalSection(SolutionProperties) = preSolution
		HideSolutionNode = FALSE
	EndGlobalSection
	GlobalSection(ExtensibilityGlobals) = postSolution
		SolutionGuid = {51A43688-31E4-4B46-8E38-027545FE4DEF}
	EndGlobalSection
EndGlobal
